
Microsoft Visual Studio Solution File, Format Version 12.00
# Visual Studio Version 17
VisualStudioVersion = 17.2.32616.157
MinimumVisualStudioVersion = 10.0.40219.1
Project("{8BC9CEB8-8B4A-11D0-8D11-00A0C91BC942}") = "Creating process on another user account", "Creating process on another user account\Creating process on another user account.vcxproj", "{9493864A-7588-4353-BC84-B97CE4B2342D}"
EndProject
Global
	GlobalSection(SolutionConfigurationPlatforms) = preSolution
		Debug|x64 = Debug|x64
		Debug|x86 = Debug|x86
		Release|x64 = Release|x64
		Release|x86 = Release|x86
	EndGlobalSection
	GlobalSection(ProjectConfigurationPlatforms) = postSolution
		{9493864A-7588-4353-BC84-B97CE4B2342D}.Debug|x64.ActiveCfg = Debug|x64
		{9493864A-7588-4353-BC84-B97CE4B2342D}.Debug|x64.Build.0 = Debug|x64
		{9493864A-7588-4353-BC84-B97CE4B2342D}.Debug|x86.ActiveCfg = Debug|Win32
		{9493864A-7588-4353-BC84-B97CE4B2342D}.Debug|x86.Build.0 = Debug|Win32
		{9493864A-7588-4353-BC84-B97CE4B2342D}.Release|x64.ActiveCfg = Release|x64
		{9493864A-7588-4353-BC84-B97CE4B2342D}.Release|x64.Build.0 = Release|x64
		{9493864A-7588-4353-BC84-B97CE4B2342D}.Release|x86.ActiveCfg = Release|Win32
		{9493864A-7588-4353-BC84-B97CE4B2342D}.Release|x86.Build.0 = Release|Win32
	EndGlobalSection
	GlobalSection(SolutionProperties) = preSolution
		HideSolutionNode = FALSE
	EndGlobalSection
	GlobalSection(ExtensibilityGlobals) = postSolution
		SolutionGuid = {5775401A-E1C5-4CAD-8B6A-6FDC6F0F0887}
	EndGlobalSection
EndGlobal
