
Microsoft Visual Studio Solution File, Format Version 12.00
# Visual Studio Version 17
VisualStudioVersion = 17.2.32616.157
MinimumVisualStudioVersion = 10.0.40219.1
Project("{8BC9CEB8-8B4A-11D0-8D11-00A0C91BC942}") = "Client", "Client\Client.vcxproj", "{FE01C244-710C-43B7-987F-060DDE468EE9}"
EndProject
Global
	GlobalSection(SolutionConfigurationPlatforms) = preSolution
		Debug|x64 = Debug|x64
		Debug|x86 = Debug|x86
		Release|x64 = Release|x64
		Release|x86 = Release|x86
	EndGlobalSection
	GlobalSection(ProjectConfigurationPlatforms) = postSolution
		{FE01C244-710C-43B7-987F-060DDE468EE9}.Debug|x64.ActiveCfg = Debug|x64
		{FE01C244-710C-43B7-987F-060DDE468EE9}.Debug|x64.Build.0 = Debug|x64
		{FE01C244-710C-43B7-987F-060DDE468EE9}.Debug|x86.ActiveCfg = Debug|Win32
		{FE01C244-710C-43B7-987F-060DDE468EE9}.Debug|x86.Build.0 = Debug|Win32
		{FE01C244-710C-43B7-987F-060DDE468EE9}.Release|x64.ActiveCfg = Release|x64
		{FE01C244-710C-43B7-987F-060DDE468EE9}.Release|x64.Build.0 = Release|x64
		{FE01C244-710C-43B7-987F-060DDE468EE9}.Release|x86.ActiveCfg = Release|Win32
		{FE01C244-710C-43B7-987F-060DDE468EE9}.Release|x86.Build.0 = Release|Win32
	EndGlobalSection
	GlobalSection(SolutionProperties) = preSolution
		HideSolutionNode = FALSE
	EndGlobalSection
	GlobalSection(ExtensibilityGlobals) = postSolution
		SolutionGuid = {6C75DFAE-2F60-4CB1-8C80-A8F28EBC0719}
	EndGlobalSection
EndGlobal
